
Microsoft Visual Studio Solution File, Format Version 12.00
# Visual Studio Version 17
VisualStudioVersion = 17.4.33213.308
MinimumVisualStudioVersion = 10.0.40219.1
Project("{FAE04EC0-301F-11D3-BF4B-00C04F79EFBC}") = "Test GithubActions", "Test GithubActions\Test GithubActions.csproj", "{6FA504F7-2D79-4137-B68E-18508F29787E}"
EndProject
Project("{FAE04EC0-301F-11D3-BF4B-00C04F79EFBC}") = "TestProject", "TestProject\TestProject.csproj", "{031EEAA6-96C7-428A-A64C-51E1CB11C1DC}"
EndProject
Global
	GlobalSection(SolutionConfigurationPlatforms) = preSolution
		Debug|Any CPU = Debug|Any CPU
		Release|Any CPU = Release|Any CPU
	EndGlobalSection
	GlobalSection(ProjectConfigurationPlatforms) = postSolution
		{6FA504F7-2D79-4137-B68E-18508F29787E}.Debug|Any CPU.ActiveCfg = Debug|Any CPU
		{6FA504F7-2D79-4137-B68E-18508F29787E}.Debug|Any CPU.Build.0 = Debug|Any CPU
		{6FA504F7-2D79-4137-B68E-18508F29787E}.Release|Any CPU.ActiveCfg = Release|Any CPU
		{6FA504F7-2D79-4137-B68E-18508F29787E}.Release|Any CPU.Build.0 = Release|Any CPU
		{031EEAA6-96C7-428A-A64C-51E1CB11C1DC}.Debug|Any CPU.ActiveCfg = Debug|Any CPU
		{031EEAA6-96C7-428A-A64C-51E1CB11C1DC}.Debug|Any CPU.Build.0 = Debug|Any CPU
		{031EEAA6-96C7-428A-A64C-51E1CB11C1DC}.Release|Any CPU.ActiveCfg = Release|Any CPU
		{031EEAA6-96C7-428A-A64C-51E1CB11C1DC}.Release|Any CPU.Build.0 = Release|Any CPU
	EndGlobalSection
	GlobalSection(SolutionProperties) = preSolution
		HideSolutionNode = FALSE
	EndGlobalSection
	GlobalSection(ExtensibilityGlobals) = postSolution
		SolutionGuid = {DBEA0F5A-4B98-4080-936D-2CB89490724F}
	EndGlobalSection
EndGlobal
